// !$*UTF8*$!
{
	archiveVersion = 1;
	classes = {
	};
	objectVersion = 50;
	objects = {

/* Begin PBXBuildFile section */
		823E69A424FED73A002E6961 /* AppDelegate.swift in Sources */ = {isa = PBXBuildFile; fileRef = 823E69A324FED73A002E6961 /* AppDelegate.swift */; };
		823E69A624FED73A002E6961 /* SceneDelegate.swift in Sources */ = {isa = PBXBuildFile; fileRef = 823E69A524FED73A002E6961 /* SceneDelegate.swift */; };
		823E69A824FED73A002E6961 /* ViewController.swift in Sources */ = {isa = PBXBuildFile; fileRef = 823E69A724FED73A002E6961 /* ViewController.swift */; };
		823E69AB24FED73A002E6961 /* Main.storyboard in Resources */ = {isa = PBXBuildFile; fileRef = 823E69A924FED73A002E6961 /* Main.storyboard */; };
		823E69AD24FED73C002E6961 /* Assets.xcassets in Resources */ = {isa = PBXBuildFile; fileRef = 823E69AC24FED73C002E6961 /* Assets.xcassets */; };
		823E69B024FED73C002E6961 /* LaunchScreen.storyboard in Resources */ = {isa = PBXBuildFile; fileRef = 823E69AE24FED73C002E6961 /* LaunchScreen.storyboard */; };
		823E69BB24FEDB14002E6961 /* Note.swift in Sources */ = {isa = PBXBuildFile; fileRef = 823E69BA24FEDB14002E6961 /* Note.swift */; };
/* End PBXBuildFile section */

/* Begin PBXFileReference section */
		823E69A024FED73A002E6961 /* NSCoder Reminder List.app */ = {isa = PBXFileReference; explicitFileType = wrapper.application; includeInIndex = 0; path = "NSCoder Reminder List.app"; sourceTree = BUILT_PRODUCTS_DIR; };
		823E69A324FED73A002E6961 /* AppDelegate.swift */ = {isa = PBXFileReference; lastKnownFileType = sourcecode.swift; path = AppDelegate.swift; sourceTree = "<group>"; };
		823E69A524FED73A002E6961 /* SceneDelegate.swift */ = {isa = PBXFileReference; lastKnownFileType = sourcecode.swift; path = SceneDelegate.swift; sourceTree = "<group>"; };
		823E69A724FED73A002E6961 /* ViewController.swift */ = {isa = PBXFileReference; lastKnownFileType = sourcecode.swift; path = ViewController.swift; sourceTree = "<group>"; };
		823E69AA24FED73A002E6961 /* Base */ = {isa = PBXFileReference; lastKnownFileType = file.storyboard; name = Base; path = Base.lproj/Main.storyboard; sourceTree = "<group>"; };
		823E69AC24FED73C002E6961 /* Assets.xcassets */ = {isa = PBXFileReference; lastKnownFileType = folder.assetcatalog; path = Assets.xcassets; sourceTree = "<group>"; };
		823E69AF24FED73C002E6961 /* Base */ = {isa = PBXFileReference; lastKnownFileType = file.storyboard; name = Base; path = Base.lproj/LaunchScreen.storyboard; sourceTree = "<group>"; };
		823E69B124FED73C002E6961 /* Info.plist */ = {isa = PBXFileReference; lastKnownFileType = text.plist.xml; path = Info.plist; sourceTree = "<group>"; };
		823E69BA24FEDB14002E6961 /* Note.swift */ = {isa = PBXFileReference; lastKnownFileType = sourcecode.swift; path = Note.swift; sourceTree = "<group>"; };
/* End PBXFileReference section */

/* Begin PBXFrameworksBuildPhase section */
		823E699D24FED73A002E6961 /* Frameworks */ = {
			isa = PBXFrameworksBuildPhase;
			buildActionMask = 2147483647;
			files = (
			);
			runOnlyForDeploymentPostprocessing = 0;
		};
/* End PBXFrameworksBuildPhase section */

/* Begin PBXGroup section */
		823E699724FED73A002E6961 = {
			isa = PBXGroup;
			children = (
				823E69A224FED73A002E6961 /* NSCoder Reminder List */,
				823E69A124FED73A002E6961 /* Products */,
			);
			sourceTree = "<group>";
		};
		823E69A124FED73A002E6961 /* Products */ = {
			isa = PBXGroup;
			children = (
				823E69A024FED73A002E6961 /* NSCoder Reminder List.app */,
			);
			name = Products;
			sourceTree = "<group>";
		};
		823E69A224FED73A002E6961 /* NSCoder Reminder List */ = {
			isa = PBXGroup;
			children = (
				823E69BC24FEDB74002E6961 /* Model */,
				823E69B724FEDAC4002E6961 /* Control */,
				823E69B924FEDAED002E6961 /* View */,
				823E69B824FEDADE002E6961 /* Supporting files */,
				823E69AE24FED73C002E6961 /* LaunchScreen.storyboard */,
				823E69B124FED73C002E6961 /* Info.plist */,
				823E69A324FED73A002E6961 /* AppDelegate.swift */,
				823E69A524FED73A002E6961 /* SceneDelegate.swift */,
			);
			path = "NSCoder Reminder List";
			sourceTree = "<group>";
		};
		823E69B724FEDAC4002E6961 /* Control */ = {
			isa = PBXGroup;
			children = (
				823E69A724FED73A002E6961 /* ViewController.swift */,
			);
			path = Control;
			sourceTree = "<group>";
		};
		823E69B824FEDADE002E6961 /* Supporting files */ = {
			isa = PBXGroup;
			children = (
				823E69AC24FED73C002E6961 /* Assets.xcassets */,
			);
			path = "Supporting files";
			sourceTree = "<group>";
		};
		823E69B924FEDAED002E6961 /* View */ = {
			isa = PBXGroup;
			children = (
				823E69A924FED73A002E6961 /* Main.storyboard */,
			);
			path = View;
			sourceTree = "<group>";
		};
		823E69BC24FEDB74002E6961 /* Model */ = {
			isa = PBXGroup;
			children = (
				823E69BA24FEDB14002E6961 /* Note.swift */,
			);
			path = Model;
			sourceTree = "<group>";
		};
/* End PBXGroup section */

/* Begin PBXNativeTarget section */
		823E699F24FED73A002E6961 /* NSCoder Reminder List */ = {
			isa = PBXNativeTarget;
			buildConfigurationList = 823E69B424FED73C002E6961 /* Build configuration list for PBXNativeTarget "NSCoder Reminder List" */;
			buildPhases = (
				823E699C24FED73A002E6961 /* Sources */,
				823E699D24FED73A002E6961 /* Frameworks */,
				823E699E24FED73A002E6961 /* Resources */,
			);
			buildRules = (
			);
			dependencies = (
			);
			name = "NSCoder Reminder List";
			productName = "NSCoder Reminder List";
			productReference = 823E69A024FED73A002E6961 /* NSCoder Reminder List.app */;
			productType = "com.apple.product-type.application";
		};
/* End PBXNativeTarget section */

/* Begin PBXProject section */
		823E699824FED73A002E6961 /* Project object */ = {
			isa = PBXProject;
			attributes = {
				LastSwiftUpdateCheck = 1160;
				LastUpgradeCheck = 1160;
				ORGANIZATIONNAME = "Tymon Golęba Frygies";
				TargetAttributes = {
					823E699F24FED73A002E6961 = {
						CreatedOnToolsVersion = 11.6;
					};
				};
			};
			buildConfigurationList = 823E699B24FED73A002E6961 /* Build configuration list for PBXProject "NSCoder Reminder List" */;
			compatibilityVersion = "Xcode 9.3";
			developmentRegion = en;
			hasScannedForEncodings = 0;
			knownRegions = (
				en,
				Base,
			);
			mainGroup = 823E699724FED73A002E6961;
			productRefGroup = 823E69A124FED73A002E6961 /* Products */;
			projectDirPath = "";
			projectRoot = "";
			targets = (
				823E699F24FED73A002E6961 /* NSCoder Reminder List */,
			);
		};
/* End PBXProject section */

/* Begin PBXResourcesBuildPhase section */
		823E699E24FED73A002E6961 /* Resources */ = {
			isa = PBXResourcesBuildPhase;
			buildActionMask = 2147483647;
			files = (
				823E69B024FED73C002E6961 /* LaunchScreen.storyboard in Resources */,
				823E69AD24FED73C002E6961 /* Assets.xcassets in Resources */,
				823E69AB24FED73A002E6961 /* Main.storyboard in Resources */,
			);
			runOnlyForDeploymentPostprocessing = 0;
		};
/* End PBXResourcesBuildPhase section */

/* Begin PBXSourcesBuildPhase section */
		823E699C24FED73A002E6961 /* Sources */ = {
			isa = PBXSourcesBuildPhase;
			buildActionMask = 2147483647;
			files = (
				823E69A824FED73A002E6961 /* ViewController.swift in Sources */,
				823E69A424FED73A002E6961 /* AppDelegate.swift in Sources */,
				823E69A624FED73A002E6961 /* SceneDelegate.swift in Sources */,
				823E69BB24FEDB14002E6961 /* Note.swift in Sources */,
			);
			runOnlyForDeploymentPostprocessing = 0;
		};
/* End PBXSourcesBuildPhase section */

/* Begin PBXVariantGroup section */
		823E69A924FED73A002E6961 /* Main.storyboard */ = {
			isa = PBXVariantGroup;
			children = (
				823E69AA24FED73A002E6961 /* Base */,
			);
			name = Main.storyboard;
			sourceTree = "<group>";
		};
		823E69AE24FED73C002E6961 /* LaunchScreen.storyboard */ = {
			isa = PBXVariantGroup;
			children = (
				823E69AF24FED73C002E6961 /* Base */,
			);
			name = LaunchScreen.storyboard;
			sourceTree = "<group>";
		};
/* End PBXVariantGroup section */

/* Begin XCBuildConfiguration section */
		823E69B224FED73C002E6961 /* Debug */ = {
			isa = XCBuildConfiguration;
			buildSettings = {
				ALWAYS_SEARCH_USER_PATHS = NO;
				CLANG_ANALYZER_NONNULL = YES;
				CLANG_ANALYZER_NUMBER_OBJECT_CONVERSION = YES_AGGRESSIVE;
				CLANG_CXX_LANGUAGE_STANDARD = "gnu++14";
				CLANG_CXX_LIBRARY = "libc++";
				CLANG_ENABLE_MODULES = YES;
				CLANG_ENABLE_OBJC_ARC = YES;
				CLANG_ENABLE_OBJC_WEAK = YES;
				CLANG_WARN_BLOCK_CAPTURE_AUTORELEASING = YES;
				CLANG_WARN_BOOL_CONVERSION = YES;
				CLANG_WARN_COMMA = YES;
				CLANG_WARN_CONSTANT_CONVERSION = YES;
				CLANG_WARN_DEPRECATED_OBJC_IMPLEMENTATIONS = YES;
				CLANG_WARN_DIRECT_OBJC_ISA_USAGE = YES_ERROR;
				CLANG_WARN_DOCUMENTATION_COMMENTS = YES;
				CLANG_WARN_EMPTY_BODY = YES;
				CLANG_WARN_ENUM_CONVERSION = YES;
				CLANG_WARN_INFINITE_RECURSION = YES;
				CLANG_WARN_INT_CONVERSION = YES;
				CLANG_WARN_NON_LITERAL_NULL_CONVERSION = YES;
				CLANG_WARN_OBJC_IMPLICIT_RETAIN_SELF = YES;
				CLANG_WARN_OBJC_LITERAL_CONVERSION = YES;
				CLANG_WARN_OBJC_ROOT_CLASS = YES_ERROR;
				CLANG_WARN_RANGE_LOOP_ANALYSIS = YES;
				CLANG_WARN_STRICT_PROTOTYPES = YES;
				CLANG_WARN_SUSPICIOUS_MOVE = YES;
				CLANG_WARN_UNGUARDED_AVAILABILITY = YES_AGGRESSIVE;
				CLANG_WARN_UNREACHABLE_CODE = YES;
				CLANG_WARN__DUPLICATE_METHOD_MATCH = YES;
				COPY_PHASE_STRIP = NO;
				DEBUG_INFORMATION_FORMAT = dwarf;
				ENABLE_STRICT_OBJC_MSGSEND = YES;
				ENABLE_TESTABILITY = YES;
				GCC_C_LANGUAGE_STANDARD = gnu11;
				GCC_DYNAMIC_NO_PIC = NO;
				GCC_NO_COMMON_BLOCKS = YES;
				GCC_OPTIMIZATION_LEVEL = 0;
				GCC_PREPROCESSOR_DEFINITIONS = (
					"DEBUG=1",
					"$(inherited)",
				);
				GCC_WARN_64_TO_32_BIT_CONVERSION = YES;
				GCC_WARN_ABOUT_RETURN_TYPE = YES_ERROR;
				GCC_WARN_UNDECLARED_SELECTOR = YES;
				GCC_WARN_UNINITIALIZED_AUTOS = YES_AGGRESSIVE;
				GCC_WARN_UNUSED_FUNCTION = YES;
				GCC_WARN_UNUSED_VARIABLE = YES;
				IPHONEOS_DEPLOYMENT_TARGET = 13.6;
				MTL_ENABLE_DEBUG_INFO = INCLUDE_SOURCE;
				MTL_FAST_MATH = YES;
				ONLY_ACTIVE_ARCH = YES;
				SDKROOT = iphoneos;
				SWIFT_ACTIVE_COMPILATION_CONDITIONS = DEBUG;
				SWIFT_OPTIMIZATION_LEVEL = "-Onone";
			};
			name = Debug;
		};
		823E69B324FED73C002E6961 /* Release */ = {
			isa = XCBuildConfiguration;
			buildSettings = {
				ALWAYS_SEARCH_USER_PATHS = NO;
				CLANG_ANALYZER_NONNULL = YES;
				CLANG_ANALYZER_NUMBER_OBJECT_CONVERSION = YES_AGGRESSIVE;
				CLANG_CXX_LANGUAGE_STANDARD = "gnu++14";
				CLANG_CXX_LIBRARY = "libc++";
				CLANG_ENABLE_MODULES = YES;
				CLANG_ENABLE_OBJC_ARC = YES;
				CLANG_ENABLE_OBJC_WEAK = YES;
				CLANG_WARN_BLOCK_CAPTURE_AUTORELEASING = YES;
				CLANG_WARN_BOOL_CONVERSION = YES;
				CLANG_WARN_COMMA = YES;
				CLANG_WARN_CONSTANT_CONVERSION = YES;
				CLANG_WARN_DEPRECATED_OBJC_IMPLEMENTATIONS = YES;
				CLANG_WARN_DIRECT_OBJC_ISA_USAGE = YES_ERROR;
				CLANG_WARN_DOCUMENTATION_COMMENTS = YES;
				CLANG_WARN_EMPTY_BODY = YES;
				CLANG_WARN_ENUM_CONVERSION = YES;
				CLANG_WARN_INFINITE_RECURSION = YES;
				CLANG_WARN_INT_CONVERSION = YES;
				CLANG_WARN_NON_LITERAL_NULL_CONVERSION = YES;
				CLANG_WARN_OBJC_IMPLICIT_RETAIN_SELF = YES;
				CLANG_WARN_OBJC_LITERAL_CONVERSION = YES;
				CLANG_WARN_OBJC_ROOT_CLASS = YES_ERROR;
				CLANG_WARN_RANGE_LOOP_ANALYSIS = YES;
				CLANG_WARN_STRICT_PROTOTYPES = YES;
				CLANG_WARN_SUSPICIOUS_MOVE = YES;
				CLANG_WARN_UNGUARDED_AVAILABILITY = YES_AGGRESSIVE;
				CLANG_WARN_UNREACHABLE_CODE = YES;
				CLANG_WARN__DUPLICATE_METHOD_MATCH = YES;
				COPY_PHASE_STRIP = NO;
				DEBUG_INFORMATION_FORMAT = "dwarf-with-dsym";
				ENABLE_NS_ASSERTIONS = NO;
				ENABLE_STRICT_OBJC_MSGSEND = YES;
				GCC_C_LANGUAGE_STANDARD = gnu11;
				GCC_NO_COMMON_BLOCKS = YES;
				GCC_WARN_64_TO_32_BIT_CONVERSION = YES;
				GCC_WARN_ABOUT_RETURN_TYPE = YES_ERROR;
				GCC_WARN_UNDECLARED_SELECTOR = YES;
				GCC_WARN_UNINITIALIZED_AUTOS = YES_AGGRESSIVE;
				GCC_WARN_UNUSED_FUNCTION = YES;
				GCC_WARN_UNUSED_VARIABLE = YES;
				IPHONEOS_DEPLOYMENT_TARGET = 13.6;
				MTL_ENABLE_DEBUG_INFO = NO;
				MTL_FAST_MATH = YES;
				SDKROOT = iphoneos;
				SWIFT_COMPILATION_MODE = wholemodule;
				SWIFT_OPTIMIZATION_LEVEL = "-O";
				VALIDATE_PRODUCT = YES;
			};
			name = Release;
		};
		823E69B524FED73C002E6961 /* Debug */ = {
			isa = XCBuildConfiguration;
			buildSettings = {
				ASSETCATALOG_COMPILER_APPICON_NAME = AppIcon;
				CODE_SIGN_STYLE = Automatic;
				INFOPLIST_FILE = "NSCoder Reminder List/Info.plist";
				LD_RUNPATH_SEARCH_PATHS = (
					"$(inherited)",
					"@executable_path/Frameworks",
				);
				PRODUCT_BUNDLE_IDENTIFIER = "com.Tymek..NSCoder-Reminder-List";
				PRODUCT_NAME = "$(TARGET_NAME)";
				SWIFT_VERSION = 5.0;
				TARGETED_DEVICE_FAMILY = "1,2";
			};
			name = Debug;
		};
		823E69B624FED73C002E6961 /* Release */ = {
			isa = XCBuildConfiguration;
			buildSettings = {
				ASSETCATALOG_COMPILER_APPICON_NAME = AppIcon;
				CODE_SIGN_STYLE = Automatic;
				INFOPLIST_FILE = "NSCoder Reminder List/Info.plist";
				LD_RUNPATH_SEARCH_PATHS = (
					"$(inherited)",
					"@executable_path/Frameworks",
				);
				PRODUCT_BUNDLE_IDENTIFIER = "com.Tymek..NSCoder-Reminder-List";
				PRODUCT_NAME = "$(TARGET_NAME)";
				SWIFT_VERSION = 5.0;
				TARGETED_DEVICE_FAMILY = "1,2";
			};
			name = Release;
		};
/* End XCBuildConfiguration section */

/* Begin XCConfigurationList section */
		823E699B24FED73A002E6961 /* Build configuration list for PBXProject "NSCoder Reminder List" */ = {
			isa = XCConfigurationList;
			buildConfigurations = (
				823E69B224FED73C002E6961 /* Debug */,
				823E69B324FED73C002E6961 /* Release */,
			);
			defaultConfigurationIsVisible = 0;
			defaultConfigurationName = Release;
		};
		823E69B424FED73C002E6961 /* Build configuration list for PBXNativeTarget "NSCoder Reminder List" */ = {
			isa = XCConfigurationList;
			buildConfigurations = (
				823E69B524FED73C002E6961 /* Debug */,
				823E69B624FED73C002E6961 /* Release */,
			);
			defaultConfigurationIsVisible = 0;
			defaultConfigurationName = Release;
		};
/* End XCConfigurationList section */
	};
	rootObject = 823E699824FED73A002E6961 /* Project object */;
}
